
Microsoft Visual Studio Solution File, Format Version 12.00
# Visual Studio Version 16
VisualStudioVersion = 16.0.29306.81
MinimumVisualStudioVersion = 10.0.40219.1
Project("{FAE04EC0-301F-11D3-BF4B-00C04F79EFBC}") = "onelightmart", "onelightmart\onelightmart.csproj", "{36C977DE-B6D0-4476-B63A-67F81CF78594}"
EndProject
Global
	GlobalSection(SolutionConfigurationPlatforms) = preSolution
		Debug|Any CPU = Debug|Any CPU
		Release|Any CPU = Release|Any CPU
	EndGlobalSection
	GlobalSection(ProjectConfigurationPlatforms) = postSolution
		{36C977DE-B6D0-4476-B63A-67F81CF78594}.Debug|Any CPU.ActiveCfg = Debug|Any CPU
		{36C977DE-B6D0-4476-B63A-67F81CF78594}.Debug|Any CPU.Build.0 = Debug|Any CPU
		{36C977DE-B6D0-4476-B63A-67F81CF78594}.Release|Any CPU.ActiveCfg = Release|Any CPU
		{36C977DE-B6D0-4476-B63A-67F81CF78594}.Release|Any CPU.Build.0 = Release|Any CPU
	EndGlobalSection
	GlobalSection(SolutionProperties) = preSolution
		HideSolutionNode = FALSE
	EndGlobalSection
	GlobalSection(ExtensibilityGlobals) = postSolution
		SolutionGuid = {164076EB-AE61-485D-927E-1D72AD362686}
	EndGlobalSection
EndGlobal
